
Microsoft Visual Studio Solution File, Format Version 12.00
# Visual Studio Version 17
VisualStudioVersion = 17.1.32210.238
MinimumVisualStudioVersion = 10.0.40219.1
Project("{9A19103F-16F7-4668-BE54-9A1E7A4F7556}") = "OOP-laba-7", "OOP-laba-7\OOP-laba-7.csproj", "{96809DBC-1FC3-4AC1-9A5F-F03B54A15153}"
EndProject
Project("{FAE04EC0-301F-11D3-BF4B-00C04F79EFBC}") = "Laba-7-forms", "laba-7-forms\Laba-7-forms.csproj", "{781226DD-26AA-4097-A2C0-78CC9593855F}"
EndProject
Global
	GlobalSection(SolutionConfigurationPlatforms) = preSolution
		Debug|Any CPU = Debug|Any CPU
		Release|Any CPU = Release|Any CPU
	EndGlobalSection
	GlobalSection(ProjectConfigurationPlatforms) = postSolution
		{96809DBC-1FC3-4AC1-9A5F-F03B54A15153}.Debug|Any CPU.ActiveCfg = Debug|Any CPU
		{96809DBC-1FC3-4AC1-9A5F-F03B54A15153}.Debug|Any CPU.Build.0 = Debug|Any CPU
		{96809DBC-1FC3-4AC1-9A5F-F03B54A15153}.Release|Any CPU.ActiveCfg = Release|Any CPU
		{96809DBC-1FC3-4AC1-9A5F-F03B54A15153}.Release|Any CPU.Build.0 = Release|Any CPU
		{781226DD-26AA-4097-A2C0-78CC9593855F}.Debug|Any CPU.ActiveCfg = Debug|Any CPU
		{781226DD-26AA-4097-A2C0-78CC9593855F}.Debug|Any CPU.Build.0 = Debug|Any CPU
		{781226DD-26AA-4097-A2C0-78CC9593855F}.Release|Any CPU.ActiveCfg = Release|Any CPU
		{781226DD-26AA-4097-A2C0-78CC9593855F}.Release|Any CPU.Build.0 = Release|Any CPU
	EndGlobalSection
	GlobalSection(SolutionProperties) = preSolution
		HideSolutionNode = FALSE
	EndGlobalSection
	GlobalSection(ExtensibilityGlobals) = postSolution
		SolutionGuid = {D0BB547D-6286-47C1-B424-272DA26BB5B7}
	EndGlobalSection
EndGlobal
